// !$*UTF8*$!
{
	archiveVersion = 1;
	classes = {
	};
	objectVersion = 46;
	objects = {

/* Begin PBXFileReference section */
		18A4CD12198FD8A9000FC67D /* File.c */ = {isa = PBXFileReference; lastKnownFileType = sourcecode.c.c; name = File.c; path = test/File.c; sourceTree = "<group>"; };
/* End PBXFileReference section */

/* Begin PBXGroup section */
		1890E1EC197C123E007808ED = {
			isa = PBXGroup;
			children = (
				18A4CD12198FD8A9000FC67D /* File.c */,
			);
			sourceTree = "<group>";
		};
/* End PBXGroup section */

/* Begin PBXProject section */
		1890E1ED197C123E007808ED /* Project object */ = {
			isa = PBXProject;
			attributes = {
				LastUpgradeCheck = 0460;
			};
			buildConfigurationList = 1890E1F0197C123E007808ED /* Build configuration list for PBXProject "QServerKit" */;
			compatibilityVersion = "Xcode 3.2";
			developmentRegion = English;
			hasScannedForEncodings = 0;
			knownRegions = (
				en,
			);
			mainGroup = 1890E1EC197C123E007808ED;
			projectDirPath = "";
			projectRoot = "";
			targets = (
			);
		};
/* End PBXProject section */

/* Begin XCBuildConfiguration section */
		1890E1F1197C123E007808ED /* Debug */ = {
			isa = XCBuildConfiguration;
			buildSettings = {
			};
			name = Debug;
		};
		1890E1F2197C123E007808ED /* Release */ = {
			isa = XCBuildConfiguration;
			buildSettings = {
			};
			name = Release;
		};
/* End XCBuildConfiguration section */

/* Begin XCConfigurationList section */
		1890E1F0197C123E007808ED /* Build configuration list for PBXProject "QServerKit" */ = {
			isa = XCConfigurationList;
			buildConfigurations = (
				1890E1F1197C123E007808ED /* Debug */,
				1890E1F2197C123E007808ED /* Release */,
			);
			defaultConfigurationIsVisible = 0;
			defaultConfigurationName = Release;
		};
/* End XCConfigurationList section */
	};
	rootObject = 1890E1ED197C123E007808ED /* Project object */;
}
